PODS:
  - AppCenter/Analytics (1.11.0):
    - AppCenter/Core
  - AppCenter/Core (1.11.0)
  - AppCenter/Crashes (1.11.0):
    - AppCenter/Core
  - AppCenterReactNativeShared (1.10.0):
    - AppCenter/Core (= 1.11.0)
  - Paystack (3.0.5):
    - Paystack/Core (= 3.0.5)
  - Paystack/Core (3.0.5)

DEPENDENCIES:
  - AppCenter/Analytics (~> 1.11.0)
  - AppCenter/Crashes (~> 1.11.0)
  - AppCenterReactNativeShared (~> 1.10.0)
  - Paystack

SPEC REPOS:
  https://github.com/cocoapods/specs.git:
    - AppCenter
    - AppCenterReactNativeShared
    - Paystack

SPEC CHECKSUMS:
  AppCenter: 3bccf8d733e337d0db574dd4cb0e33ab9637b7f2
  AppCenterReactNativeShared: a77b000c2ac6dc2e44472621d7d0770f196e5822
  Paystack: 21a16fe02cca6cc94618a2b68b7402917179ca0b

PODFILE CHECKSUM: 740202a0e3a6530c6a504b1095739384a094bd1e

COCOAPODS: 1.5.3
